
Microsoft Visual Studio Solution File, Format Version 12.00
# Visual Studio Version 17
VisualStudioVersion = 17.0.31903.59
MinimumVisualStudioVersion = 10.0.40219.1
Project("{FAE04EC0-301F-11D3-BF4B-00C04F79EFBC}") = "story", "story\story.csproj", "{D720DDFA-6080-4E4E-BE70-19E40445C2F9}"
EndProject
Global
	GlobalSection(SolutionConfigurationPlatforms) = preSolution
		Debug|Any CPU = Debug|Any CPU
		Release|Any CPU = Release|Any CPU
	EndGlobalSection
	GlobalSection(SolutionProperties) = preSolution
		HideSolutionNode = FALSE
	EndGlobalSection
	GlobalSection(ProjectConfigurationPlatforms) = postSolution
		{D720DDFA-6080-4E4E-BE70-19E40445C2F9}.Debug|Any CPU.ActiveCfg = Debug|Any CPU
		{D720DDFA-6080-4E4E-BE70-19E40445C2F9}.Debug|Any CPU.Build.0 = Debug|Any CPU
		{D720DDFA-6080-4E4E-BE70-19E40445C2F9}.Release|Any CPU.ActiveCfg = Release|Any CPU
		{D720DDFA-6080-4E4E-BE70-19E40445C2F9}.Release|Any CPU.Build.0 = Release|Any CPU
	EndGlobalSection
EndGlobal
